// !$*UTF8*$!
{
	archiveVersion = 1;
	classes = {
	};
	objectVersion = 52;
	objects = {

/* Begin PBXBuildFile section */
		15427CD3198F221400DC375D /* libcocos2d iOS.a in Frameworks */ = {isa = PBXBuildFile; fileRef = 15A8A4251834BDA200142BE0 /* libcocos2d iOS.a */; };
		15427CD5198F222200DC375D /* libluacocos2d iOS.a in Frameworks */ = {isa = PBXBuildFile; fileRef = 15427CD2198F220600DC375D /* libluacocos2d iOS.a */; };
		15427CEC198F24A600DC375D /* libluacocos2d Mac.a in Frameworks */ = {isa = PBXBuildFile; fileRef = 15427CC2198F220600DC375D /* libluacocos2d Mac.a */; };
		15427CEE198F24AF00DC375D /* libcocos2d Mac.a in Frameworks */ = {isa = PBXBuildFile; fileRef = 15A8A4171834BDA200142BE0 /* libcocos2d Mac.a */; };
		15A8A4881834C90F00142BE0 /* libcurl.dylib in Frameworks */ = {isa = PBXBuildFile; fileRef = 15A8A4871834C90E00142BE0 /* libcurl.dylib */; };
		1AF4C403178663F200122817 /* libz.dylib in Frameworks */ = {isa = PBXBuildFile; fileRef = 1AF4C402178663F200122817 /* libz.dylib */; };
		3EEEDB61197107C0006A9FF8 /* MediaPlayer.framework in Frameworks */ = {isa = PBXBuildFile; fileRef = 3EEEDB60197107C0006A9FF8 /* MediaPlayer.framework */; };
		5023811817EBBCAC00990C9B /* AppController.mm in Sources */ = {isa = PBXBuildFile; fileRef = 5023810817EBBCAC00990C9B /* AppController.mm */; };
		5023812417EBBCAC00990C9B /* main.m in Sources */ = {isa = PBXBuildFile; fileRef = 5023811417EBBCAC00990C9B /* main.m */; };
		5023812517EBBCAC00990C9B /* RootViewController.mm in Sources */ = {isa = PBXBuildFile; fileRef = 5023811717EBBCAC00990C9B /* RootViewController.mm */; };
		5023813317EBBCE400990C9B /* AppDelegate.cpp in Sources */ = {isa = PBXBuildFile; fileRef = F293BB7E15EB831F00256477 /* AppDelegate.cpp */; };
		5023813717EBBCE400990C9B /* libz.dylib in Frameworks */ = {isa = PBXBuildFile; fileRef = 1AF4C402178663F200122817 /* libz.dylib */; };
		5023813E17EBBCE400990C9B /* QuartzCore.framework in Frameworks */ = {isa = PBXBuildFile; fileRef = F293B3CC15EB7BE500256477 /* QuartzCore.framework */; };
		5023814017EBBCE400990C9B /* OpenAL.framework in Frameworks */ = {isa = PBXBuildFile; fileRef = F293B3D015EB7BE500256477 /* OpenAL.framework */; };
		5023814117EBBCE400990C9B /* AudioToolbox.framework in Frameworks */ = {isa = PBXBuildFile; fileRef = F293B3D215EB7BE500256477 /* AudioToolbox.framework */; };
		5023814417EBBCE400990C9B /* Foundation.framework in Frameworks */ = {isa = PBXBuildFile; fileRef = F293B3D815EB7BE500256477 /* Foundation.framework */; };
		5023814517EBBCE400990C9B /* CoreGraphics.framework in Frameworks */ = {isa = PBXBuildFile; fileRef = F293B3DA15EB7BE500256477 /* CoreGraphics.framework */; };
		5023817617EBBE3400990C9B /* Icon.icns in Resources */ = {isa = PBXBuildFile; fileRef = 5023817217EBBE3400990C9B /* Icon.icns */; };
		5023817A17EBBE8300990C9B /* OpenGLES.framework in Frameworks */ = {isa = PBXBuildFile; fileRef = 5023817917EBBE8300990C9B /* OpenGLES.framework */; };
		50805AAF17EBBEAA004CFAD3 /* UIKit.framework in Frameworks */ = {isa = PBXBuildFile; fileRef = 50805AAE17EBBEAA004CFAD3 /* UIKit.framework */; };
		50D7C96C17EBBEDF005D0B91 /* OpenGL.framework in Frameworks */ = {isa = PBXBuildFile; fileRef = 50D7C96B17EBBEDF005D0B91 /* OpenGL.framework */; };
		50D7C96E17EBBEE6005D0B91 /* AppKit.framework in Frameworks */ = {isa = PBXBuildFile; fileRef = 50D7C96D17EBBEE6005D0B91 /* AppKit.framework */; };
		50D7C97017EBBEEC005D0B91 /* IOKit.framework in Frameworks */ = {isa = PBXBuildFile; fileRef = 50D7C96F17EBBEEC005D0B91 /* IOKit.framework */; };
		5200BECA1A53D9A500AC45E4 /* Security.framework in Frameworks */ = {isa = PBXBuildFile; fileRef = 5200BEC91A53D9A500AC45E4 /* Security.framework */; };
		9FA3AE4E1BE9BCC900FC9645 /* CFNetwork.framework in Frameworks */ = {isa = PBXBuildFile; fileRef = 9FA3AE4D1BE9BCC900FC9645 /* CFNetwork.framework */; };
		9FC760431A67791200D1E6E7 /* lang in Resources */ = {isa = PBXBuildFile; fileRef = 9FC760401A67791200D1E6E7 /* lang */; };
		9FC760451A677A4A00D1E6E7 /* SimpleConfigParser.cpp in Sources */ = {isa = PBXBuildFile; fileRef = 9FC760411A67791200D1E6E7 /* SimpleConfigParser.cpp */; };
		9FF504841A5E87B100AFDA55 /* ConsoleWindow.xib in Resources */ = {isa = PBXBuildFile; fileRef = 9FF504811A5E87B100AFDA55 /* ConsoleWindow.xib */; };
		9FF504851A5E87B100AFDA55 /* ConsoleWindowController.m in Sources */ = {isa = PBXBuildFile; fileRef = 9FF504831A5E87B100AFDA55 /* ConsoleWindowController.m */; };
		9FFC07361A4A764100AED399 /* MainMenu.xib in Resources */ = {isa = PBXBuildFile; fileRef = 9FFC07341A4A764100AED399 /* MainMenu.xib */; };
		9FFE009F1ACCF59E00D6E35A /* lua_debugger.c in Sources */ = {isa = PBXBuildFile; fileRef = 9FFE009B1ACCF59E00D6E35A /* lua_debugger.c */; };
		9FFE00A01ACCF59E00D6E35A /* lua_debugger.c in Sources */ = {isa = PBXBuildFile; fileRef = 9FFE009B1ACCF59E00D6E35A /* lua_debugger.c */; };
		9FFE00A11ACCF59E00D6E35A /* RuntimeLuaImpl.cpp in Sources */ = {isa = PBXBuildFile; fileRef = 9FFE009D1ACCF59E00D6E35A /* RuntimeLuaImpl.cpp */; };
		9FFE00A21ACCF59E00D6E35A /* RuntimeLuaImpl.cpp in Sources */ = {isa = PBXBuildFile; fileRef = 9FFE009D1ACCF59E00D6E35A /* RuntimeLuaImpl.cpp */; };
		AA2BCD1A28AC953200FA5150 /* nanopb.xcframework in Frameworks */ = {isa = PBXBuildFile; fileRef = AA2BCD1128AC952900FA5150 /* nanopb.xcframework */; };
		AA2BCD1B28AC953200FA5150 /* PromisesObjC.xcframework in Frameworks */ = {isa = PBXBuildFile; fileRef = AA2BCD1428AC952A00FA5150 /* PromisesObjC.xcframework */; };
		AA2BCD1C28AC953200FA5150 /* GoogleUtilities.xcframework in Frameworks */ = {isa = PBXBuildFile; fileRef = AA2BCD1528AC952B00FA5150 /* GoogleUtilities.xcframework */; };
		AA2BCD1D28AC953200FA5150 /* GoogleMobileAds.xcframework in Frameworks */ = {isa = PBXBuildFile; fileRef = AA2BCD1628AC952F00FA5150 /* GoogleMobileAds.xcframework */; };
		AA2BCD1E28AC953200FA5150 /* GoogleAppMeasurement.xcframework in Frameworks */ = {isa = PBXBuildFile; fileRef = AA2BCD1728AC953100FA5150 /* GoogleAppMeasurement.xcframework */; };
		AA2BCD1F28AC953200FA5150 /* GoogleAppMeasurementIdentitySupport.xcframework in Frameworks */ = {isa = PBXBuildFile; fileRef = AA2BCD1828AC953200FA5150 /* GoogleAppMeasurementIdentitySupport.xcframework */; };
		AA2BCD2028AC953200FA5150 /* UserMessagingPlatform.xcframework in Frameworks */ = {isa = PBXBuildFile; fileRef = AA2BCD1928AC953200FA5150 /* UserMessagingPlatform.xcframework */; };
		AAC2FAAF28AA07E400C5F0CA /* MediaPlayer.framework in Frameworks */ = {isa = PBXBuildFile; fileRef = AAC2FAAE28AA07E400C5F0CA /* MediaPlayer.framework */; };
		AAC2FAB128AA088900C5F0CA /* GameController.framework in Frameworks */ = {isa = PBXBuildFile; fileRef = AAC2FAB028AA088900C5F0CA /* GameController.framework */; };
		AAC2FABA28AA305B00C5F0CA /* WebKit.framework in Frameworks */ = {isa = PBXBuildFile; fileRef = AAC2FAB928AA305B00C5F0CA /* WebKit.framework */; };
		AAC2FAC428AA39D800C5F0CA /* GoogleAdModSDK.mm in Sources */ = {isa = PBXBuildFile; fileRef = AAC2FAC328AA39D800C5F0CA /* GoogleAdModSDK.mm */; };
		C03781B918BF655400FE4F13 /* res in Resources */ = {isa = PBXBuildFile; fileRef = C03781B718BF655400FE4F13 /* res */; };
		C03781BA18BF655400FE4F13 /* res in Resources */ = {isa = PBXBuildFile; fileRef = C03781B718BF655400FE4F13 /* res */; };
		C03781BB18BF655400FE4F13 /* src in Resources */ = {isa = PBXBuildFile; fileRef = C03781B818BF655400FE4F13 /* src */; };
		C03781BC18BF655400FE4F13 /* src in Resources */ = {isa = PBXBuildFile; fileRef = C03781B818BF655400FE4F13 /* src */; };
		C05D1C121923449100B808A4 /* config.json in Resources */ = {isa = PBXBuildFile; fileRef = C05D1C111923449100B808A4 /* config.json */; };
		C05D1C131923449100B808A4 /* config.json in Resources */ = {isa = PBXBuildFile; fileRef = C05D1C111923449100B808A4 /* config.json */; };
		C07828F818B4D72E00BD2287 /* main.m in Sources */ = {isa = PBXBuildFile; fileRef = C07828F418B4D72E00BD2287 /* main.m */; };
		C07828FA18B4D72E00BD2287 /* SimulatorApp.mm in Sources */ = {isa = PBXBuildFile; fileRef = C07828F718B4D72E00BD2287 /* SimulatorApp.mm */; };
		CAFC48322851F58800A40278 /* Launch Screen.storyboard in Resources */ = {isa = PBXBuildFile; fileRef = CAFC48312851F58800A40278 /* Launch Screen.storyboard */; };
		CAFC48342851F5A100A40278 /* Images.xcassets in Resources */ = {isa = PBXBuildFile; fileRef = CAFC48332851F5A100A40278 /* Images.xcassets */; };
		CAFC48472852F1CE00A40278 /* libsimulator Mac.a in Frameworks */ = {isa = PBXBuildFile; fileRef = 3B070DA828522A5E00700AE9 /* libsimulator Mac.a */; };
		D6B061351803AC000077942B /* CoreMotion.framework in Frameworks */ = {isa = PBXBuildFile; fileRef = D6B061341803AC000077942B /* CoreMotion.framework */; };
		DA9E7D881AB1ABCC004B27C8 /* Security.framework in Frameworks */ = {isa = PBXBuildFile; fileRef = DA9E7D871AB1ABCC004B27C8 /* Security.framework */; };
		ED545A891B68A23E00C3958E /* libiconv.dylib in Frameworks */ = {isa = PBXBuildFile; fileRef = ED545A881B68A23E00C3958E /* libiconv.dylib */; };
		ED545A8B1B68A24500C3958E /* libiconv.dylib in Frameworks */ = {isa = PBXBuildFile; fileRef = ED545A8A1B68A24500C3958E /* libiconv.dylib */; };
		F293B3CD15EB7BE500256477 /* QuartzCore.framework in Frameworks */ = {isa = PBXBuildFile; fileRef = F293B3CC15EB7BE500256477 /* QuartzCore.framework */; };
		F293B3D115EB7BE500256477 /* OpenAL.framework in Frameworks */ = {isa = PBXBuildFile; fileRef = F293B3D015EB7BE500256477 /* OpenAL.framework */; };
		F293B3D315EB7BE500256477 /* AudioToolbox.framework in Frameworks */ = {isa = PBXBuildFile; fileRef = F293B3D215EB7BE500256477 /* AudioToolbox.framework */; };
		F293B3D515EB7BE500256477 /* AVFoundation.framework in Frameworks */ = {isa = PBXBuildFile; fileRef = F293B3D415EB7BE500256477 /* AVFoundation.framework */; };
		F293B3D915EB7BE500256477 /* Foundation.framework in Frameworks */ = {isa = PBXBuildFile; fileRef = F293B3D815EB7BE500256477 /* Foundation.framework */; };
		F293B3DB15EB7BE500256477 /* CoreGraphics.framework in Frameworks */ = {isa = PBXBuildFile; fileRef = F293B3DA15EB7BE500256477 /* CoreGraphics.framework */; };
		F293BB9C15EB831F00256477 /* AppDelegate.cpp in Sources */ = {isa = PBXBuildFile; fileRef = F293BB7E15EB831F00256477 /* AppDelegate.cpp */; };
/* End PBXBuildFile section */

/* Begin PBXContainerItemProxy section */
		152A349E199CE72E004B68DC /* PBXContainerItemProxy */ = {
			isa = PBXContainerItemProxy;
			containerPortal = C03781AE18BF654500FE4F13 /* cocos2d_lua_bindings.xcodeproj */;
			proxyType = 1;
			remoteGlobalIDString = 15EFA59E198B2DAA000C57D3;
			remoteInfo = "libluacocos2d iOS";
		};
		152A34B8199CE758004B68DC /* PBXContainerItemProxy */ = {
			isa = PBXContainerItemProxy;
			containerPortal = C03781AE18BF654500FE4F13 /* cocos2d_lua_bindings.xcodeproj */;
			proxyType = 1;
			remoteGlobalIDString = 15C1C255198748D200A46ACC;
			remoteInfo = "libluacocos2d Mac";
		};
		15427CC1198F220600DC375D /* PBXContainerItemProxy */ = {
			isa = PBXContainerItemProxy;
			containerPortal = C03781AE18BF654500FE4F13 /* cocos2d_lua_bindings.xcodeproj */;
			proxyType = 2;
			remoteGlobalIDString = 15C1C2CC198748D200A46ACC;
			remoteInfo = "libluacocos2d Mac";
		};
		15427CD1198F220600DC375D /* PBXContainerItemProxy */ = {
			isa = PBXContainerItemProxy;
			containerPortal = C03781AE18BF654500FE4F13 /* cocos2d_lua_bindings.xcodeproj */;
			proxyType = 2;
			remoteGlobalIDString = 15EFA616198B2DAA000C57D3;
			remoteInfo = "libluacocos2d iOS";
		};
		15A8A4161834BDA200142BE0 /* PBXContainerItemProxy */ = {
			isa = PBXContainerItemProxy;
			containerPortal = 15A8A4031834BDA200142BE0 /* cocos2d_libs.xcodeproj */;
			proxyType = 2;
			remoteGlobalIDString = 1551A33F158F2AB200E66CFE;
			remoteInfo = "cocos2dx Mac";
		};
		15A8A4241834BDA200142BE0 /* PBXContainerItemProxy */ = {
			isa = PBXContainerItemProxy;
			containerPortal = 15A8A4031834BDA200142BE0 /* cocos2d_libs.xcodeproj */;
			proxyType = 2;
			remoteGlobalIDString = A07A4D641783777C0073F6A7;
			remoteInfo = "cocos2dx iOS";
		};
		15D1F3081994BBCA00302043 /* PBXContainerItemProxy */ = {
			isa = PBXContainerItemProxy;
			containerPortal = 15A8A4031834BDA200142BE0 /* cocos2d_libs.xcodeproj */;
			proxyType = 1;
			remoteGlobalIDString = A07A4C241783777C0073F6A7;
			remoteInfo = "libcocos2d iOS";
		};
		3B070DA728522A5E00700AE9 /* PBXContainerItemProxy */ = {
			isa = PBXContainerItemProxy;
			containerPortal = 3B070DA228522A5E00700AE9 /* libsimulator.xcodeproj */;
			proxyType = 2;
			remoteGlobalIDString = 9F7214351A5C271F00DAED06;
			remoteInfo = "libsimulator Mac";
		};
		3B070DA928522A5E00700AE9 /* PBXContainerItemProxy */ = {
			isa = PBXContainerItemProxy;
			containerPortal = 3B070DA228522A5E00700AE9 /* libsimulator.xcodeproj */;
			proxyType = 2;
			remoteGlobalIDString = 9F7214851A5C28BA00DAED06;
			remoteInfo = "libsimulator iOS";
		};
		C0A2F04018975FF80072A7AB /* PBXContainerItemProxy */ = {
			isa = PBXContainerItemProxy;
			containerPortal = 15A8A4031834BDA200142BE0 /* cocos2d_libs.xcodeproj */;
			proxyType = 1;
			remoteGlobalIDString = 1551A33E158F2AB200E66CFE;
			remoteInfo = "cocos2dx Mac";
		};
/* End PBXContainerItemProxy section */

/* Begin PBXFileReference section */
		15427CE2198F237300DC375D /* lua_module_register.h */ = {isa = PBXFileReference; fileEncoding = 4; lastKnownFileType = sourcecode.c.h; name = lua_module_register.h; path = ../Classes/lua_module_register.h; sourceTree = "<group>"; };
		15A8A4031834BDA200142BE0 /* cocos2d_libs.xcodeproj */ = {isa = PBXFileReference; lastKnownFileType = "wrapper.pb-project"; name = cocos2d_libs.xcodeproj; path = "../../cocos2d-x/build/cocos2d_libs.xcodeproj"; sourceTree = "<group>"; };
		15A8A4871834C90E00142BE0 /* libcurl.dylib */ = {isa = PBXFileReference; lastKnownFileType = "compiled.mach-o.dylib"; name = libcurl.dylib; path = usr/lib/libcurl.dylib; sourceTree = SDKROOT; };
		15C1568D1683131500D239F2 /* libcurl.a */ = {isa = PBXFileReference; lastKnownFileType = archive.ar; name = libcurl.a; path = "../../cocos2d-x/cocos2dx/platform/third_party/ios/libraries/libcurl.a"; sourceTree = "<group>"; };
		1AF4C402178663F200122817 /* libz.dylib */ = {isa = PBXFileReference; lastKnownFileType = "compiled.mach-o.dylib"; name = libz.dylib; path = usr/lib/libz.dylib; sourceTree = SDKROOT; };
		3B070DA228522A5E00700AE9 /* libsimulator.xcodeproj */ = {isa = PBXFileReference; lastKnownFileType = "wrapper.pb-project"; name = libsimulator.xcodeproj; path = "../../cocos2d-x/tools/simulator/libsimulator/proj.ios_mac/libsimulator.xcodeproj"; sourceTree = "<group>"; };
		3EEEDB60197107C0006A9FF8 /* MediaPlayer.framework */ = {isa = PBXFileReference; lastKnownFileType = wrapper.framework; name = MediaPlayer.framework; path = Platforms/iPhoneOS.platform/Developer/SDKs/iPhoneOS7.1.sdk/System/Library/Frameworks/MediaPlayer.framework; sourceTree = DEVELOPER_DIR; };
		5023810717EBBCAC00990C9B /* AppController.h */ = {isa = PBXFileReference; fileEncoding = 4; lastKnownFileType = sourcecode.c.h; path = AppController.h; sourceTree = "<group>"; };
		5023810817EBBCAC00990C9B /* AppController.mm */ = {isa = PBXFileReference; fileEncoding = 4; lastKnownFileType = sourcecode.cpp.objcpp; path = AppController.mm; sourceTree = "<group>"; };
		5023811317EBBCAC00990C9B /* Info.plist */ = {isa = PBXFileReference; fileEncoding = 4; lastKnownFileType = text.plist.xml; path = Info.plist; sourceTree = "<group>"; };
		5023811417EBBCAC00990C9B /* main.m */ = {isa = PBXFileReference; fileEncoding = 4; lastKnownFileType = sourcecode.c.objc; path = main.m; sourceTree = "<group>"; };
		5023811517EBBCAC00990C9B /* Prefix.pch */ = {isa = PBXFileReference; fileEncoding = 4; lastKnownFileType = sourcecode.c.h; path = Prefix.pch; sourceTree = "<group>"; };
		5023811617EBBCAC00990C9B /* RootViewController.h */ = {isa = PBXFileReference; fileEncoding = 4; lastKnownFileType = sourcecode.c.h; path = RootViewController.h; sourceTree = "<group>"; };
		5023811717EBBCAC00990C9B /* RootViewController.mm */ = {isa = PBXFileReference; fileEncoding = 4; lastKnownFileType = sourcecode.cpp.objcpp; path = RootViewController.mm; sourceTree = "<group>"; };
		5023816B17EBBCE400990C9B /* MyLuaGame-desktop.app */ = {isa = PBXFileReference; explicitFileType = wrapper.application; includeInIndex = 0; path = "MyLuaGame-desktop.app"; sourceTree = BUILT_PRODUCTS_DIR; };
		5023817217EBBE3400990C9B /* Icon.icns */ = {isa = PBXFileReference; lastKnownFileType = image.icns; path = Icon.icns; sourceTree = "<group>"; };
		5023817317EBBE3400990C9B /* Info.plist */ = {isa = PBXFileReference; fileEncoding = 4; lastKnownFileType = text.plist.xml; path = Info.plist; sourceTree = "<group>"; };
		5023817517EBBE3400990C9B /* Prefix.pch */ = {isa = PBXFileReference; fileEncoding = 4; lastKnownFileType = sourcecode.c.h; path = Prefix.pch; sourceTree = "<group>"; };
		5023817917EBBE8300990C9B /* OpenGLES.framework */ = {isa = PBXFileReference; lastKnownFileType = wrapper.framework; name = OpenGLES.framework; path = Platforms/iPhoneOS.platform/Developer/SDKs/iPhoneOS7.0.sdk/System/Library/Frameworks/OpenGLES.framework; sourceTree = DEVELOPER_DIR; };
		50805AAE17EBBEAA004CFAD3 /* UIKit.framework */ = {isa = PBXFileReference; lastKnownFileType = wrapper.framework; name = UIKit.framework; path = Platforms/iPhoneOS.platform/Developer/SDKs/iPhoneOS7.0.sdk/System/Library/Frameworks/UIKit.framework; sourceTree = DEVELOPER_DIR; };
		50D7C96B17EBBEDF005D0B91 /* OpenGL.framework */ = {isa = PBXFileReference; lastKnownFileType = wrapper.framework; name = OpenGL.framework; path = System/Library/Frameworks/OpenGL.framework; sourceTree = SDKROOT; };
		50D7C96D17EBBEE6005D0B91 /* AppKit.framework */ = {isa = PBXFileReference; lastKnownFileType = wrapper.framework; name = AppKit.framework; path = System/Library/Frameworks/AppKit.framework; sourceTree = SDKROOT; };
		50D7C96F17EBBEEC005D0B91 /* IOKit.framework */ = {isa = PBXFileReference; lastKnownFileType = wrapper.framework; name = IOKit.framework; path = System/Library/Frameworks/IOKit.framework; sourceTree = SDKROOT; };
		5200BEC91A53D9A500AC45E4 /* Security.framework */ = {isa = PBXFileReference; lastKnownFileType = wrapper.framework; name = Security.framework; path = Platforms/iPhoneOS.platform/Developer/SDKs/iPhoneOS8.1.sdk/System/Library/Frameworks/Security.framework; sourceTree = DEVELOPER_DIR; };
		9FA3AE4D1BE9BCC900FC9645 /* CFNetwork.framework */ = {isa = PBXFileReference; lastKnownFileType = wrapper.framework; name = CFNetwork.framework; path = Platforms/iPhoneOS.platform/Developer/SDKs/iPhoneOS8.0.sdk/System/Library/Frameworks/CFNetwork.framework; sourceTree = DEVELOPER_DIR; };
		9FC7603F1A67791200D1E6E7 /* CodeIDESupport.h */ = {isa = PBXFileReference; fileEncoding = 4; lastKnownFileType = sourcecode.c.h; path = CodeIDESupport.h; sourceTree = "<group>"; };
		9FC760401A67791200D1E6E7 /* lang */ = {isa = PBXFileReference; fileEncoding = 4; lastKnownFileType = text; path = lang; sourceTree = "<group>"; };
		9FC760411A67791200D1E6E7 /* SimpleConfigParser.cpp */ = {isa = PBXFileReference; fileEncoding = 4; lastKnownFileType = sourcecode.cpp.cpp; path = SimpleConfigParser.cpp; sourceTree = "<group>"; };
		9FC760421A67791200D1E6E7 /* SimpleConfigParser.h */ = {isa = PBXFileReference; fileEncoding = 4; lastKnownFileType = sourcecode.c.h; path = SimpleConfigParser.h; sourceTree = "<group>"; };
		9FF504811A5E87B100AFDA55 /* ConsoleWindow.xib */ = {isa = PBXFileReference; fileEncoding = 4; lastKnownFileType = file.xib; path = ConsoleWindow.xib; sourceTree = "<group>"; };
		9FF504821A5E87B100AFDA55 /* ConsoleWindowController.h */ = {isa = PBXFileReference; fileEncoding = 4; lastKnownFileType = sourcecode.c.h; path = ConsoleWindowController.h; sourceTree = "<group>"; };
		9FF504831A5E87B100AFDA55 /* ConsoleWindowController.m */ = {isa = PBXFileReference; fileEncoding = 4; lastKnownFileType = sourcecode.c.objc; path = ConsoleWindowController.m; sourceTree = "<group>"; };
		9FFC07351A4A764100AED399 /* Base */ = {isa = PBXFileReference; lastKnownFileType = file.xib; name = Base; path = Base.lproj/MainMenu.xib; sourceTree = "<group>"; };
		9FFC07371A4A765100AED399 /* zh-Hans */ = {isa = PBXFileReference; lastKnownFileType = file.xib; name = "zh-Hans"; path = "zh-Hans.lproj/MainMenu.xib"; sourceTree = "<group>"; };
		9FFE009B1ACCF59E00D6E35A /* lua_debugger.c */ = {isa = PBXFileReference; fileEncoding = 4; lastKnownFileType = sourcecode.c.c; path = lua_debugger.c; sourceTree = "<group>"; };
		9FFE009C1ACCF59E00D6E35A /* lua_debugger.h */ = {isa = PBXFileReference; fileEncoding = 4; lastKnownFileType = sourcecode.c.h; path = lua_debugger.h; sourceTree = "<group>"; };
		9FFE009D1ACCF59E00D6E35A /* RuntimeLuaImpl.cpp */ = {isa = PBXFileReference; fileEncoding = 4; lastKnownFileType = sourcecode.cpp.cpp; path = RuntimeLuaImpl.cpp; sourceTree = "<group>"; };
		9FFE009E1ACCF59E00D6E35A /* RuntimeLuaImpl.h */ = {isa = PBXFileReference; fileEncoding = 4; lastKnownFileType = sourcecode.c.h; path = RuntimeLuaImpl.h; sourceTree = "<group>"; };
		AA2BCD1128AC952900FA5150 /* nanopb.xcframework */ = {isa = PBXFileReference; lastKnownFileType = wrapper.xcframework; path = nanopb.xcframework; sourceTree = "<group>"; };
		AA2BCD1428AC952A00FA5150 /* PromisesObjC.xcframework */ = {isa = PBXFileReference; lastKnownFileType = wrapper.xcframework; path = PromisesObjC.xcframework; sourceTree = "<group>"; };
		AA2BCD1528AC952B00FA5150 /* GoogleUtilities.xcframework */ = {isa = PBXFileReference; lastKnownFileType = wrapper.xcframework; path = GoogleUtilities.xcframework; sourceTree = "<group>"; };
		AA2BCD1628AC952F00FA5150 /* GoogleMobileAds.xcframework */ = {isa = PBXFileReference; lastKnownFileType = wrapper.xcframework; path = GoogleMobileAds.xcframework; sourceTree = "<group>"; };
		AA2BCD1728AC953100FA5150 /* GoogleAppMeasurement.xcframework */ = {isa = PBXFileReference; lastKnownFileType = wrapper.xcframework; path = GoogleAppMeasurement.xcframework; sourceTree = "<group>"; };
		AA2BCD1828AC953200FA5150 /* GoogleAppMeasurementIdentitySupport.xcframework */ = {isa = PBXFileReference; lastKnownFileType = wrapper.xcframework; path = GoogleAppMeasurementIdentitySupport.xcframework; sourceTree = "<group>"; };
		AA2BCD1928AC953200FA5150 /* UserMessagingPlatform.xcframework */ = {isa = PBXFileReference; lastKnownFileType = wrapper.xcframework; path = UserMessagingPlatform.xcframework; sourceTree = "<group>"; };
		AAC2FAAE28AA07E400C5F0CA /* MediaPlayer.framework */ = {isa = PBXFileReference; lastKnownFileType = wrapper.framework; name = MediaPlayer.framework; path = Platforms/iPhoneOS.platform/Developer/SDKs/iPhoneOS15.5.sdk/System/Library/Frameworks/MediaPlayer.framework; sourceTree = DEVELOPER_DIR; };
		AAC2FAB028AA088900C5F0CA /* GameController.framework */ = {isa = PBXFileReference; lastKnownFileType = wrapper.framework; name = GameController.framework; path = Platforms/iPhoneOS.platform/Developer/SDKs/iPhoneOS15.5.sdk/System/Library/Frameworks/GameController.framework; sourceTree = DEVELOPER_DIR; };
		AAC2FAB228AA08CA00C5F0CA /* AdSupport.framework */ = {isa = PBXFileReference; lastKnownFileType = wrapper.framework; name = AdSupport.framework; path = Platforms/iPhoneOS.platform/Developer/SDKs/iPhoneOS15.5.sdk/System/Library/Frameworks/AdSupport.framework; sourceTree = DEVELOPER_DIR; };
		AAC2FAB328AA08CA00C5F0CA /* AdServices.framework */ = {isa = PBXFileReference; lastKnownFileType = wrapper.framework; name = AdServices.framework; path = Platforms/iPhoneOS.platform/Developer/SDKs/iPhoneOS15.5.sdk/System/Library/Frameworks/AdServices.framework; sourceTree = DEVELOPER_DIR; };
		AAC2FAB928AA305B00C5F0CA /* WebKit.framework */ = {isa = PBXFileReference; lastKnownFileType = wrapper.framework; name = WebKit.framework; path = Platforms/iPhoneOS.platform/Developer/SDKs/iPhoneOS15.5.sdk/System/Library/Frameworks/WebKit.framework; sourceTree = DEVELOPER_DIR; };
		AAC2FAC228AA39A300C5F0CA /* GoogleAdModSDK.h */ = {isa = PBXFileReference; fileEncoding = 4; lastKnownFileType = sourcecode.c.h; path = GoogleAdModSDK.h; sourceTree = "<group>"; };
		AAC2FAC328AA39D800C5F0CA /* GoogleAdModSDK.mm */ = {isa = PBXFileReference; lastKnownFileType = sourcecode.cpp.objcpp; path = GoogleAdModSDK.mm; sourceTree = "<group>"; };
		C03781AE18BF654500FE4F13 /* cocos2d_lua_bindings.xcodeproj */ = {isa = PBXFileReference; lastKnownFileType = "wrapper.pb-project"; name = cocos2d_lua_bindings.xcodeproj; path = "../../cocos2d-x/cocos/scripting/lua-bindings/proj.ios_mac/cocos2d_lua_bindings.xcodeproj"; sourceTree = "<group>"; };
		C03781B718BF655400FE4F13 /* res */ = {isa = PBXFileReference; lastKnownFileType = folder; name = res; path = ../../../res; sourceTree = "<group>"; };
		C03781B818BF655400FE4F13 /* src */ = {isa = PBXFileReference; lastKnownFileType = folder; name = src; path = ../../../src; sourceTree = "<group>"; };
		C05D1C111923449100B808A4 /* config.json */ = {isa = PBXFileReference; fileEncoding = 4; lastKnownFileType = text.json; name = config.json; path = ../../../config.json; sourceTree = "<group>"; };
		C07828F418B4D72E00BD2287 /* main.m */ = {isa = PBXFileReference; fileEncoding = 4; lastKnownFileType = sourcecode.c.objc; path = main.m; sourceTree = "<group>"; };
		C07828F618B4D72E00BD2287 /* SimulatorApp.h */ = {isa = PBXFileReference; fileEncoding = 4; lastKnownFileType = sourcecode.c.h; path = SimulatorApp.h; sourceTree = "<group>"; };
		C07828F718B4D72E00BD2287 /* SimulatorApp.mm */ = {isa = PBXFileReference; fileEncoding = 4; lastKnownFileType = sourcecode.cpp.objcpp; path = SimulatorApp.mm; sourceTree = "<group>"; };
		CAFC48312851F58800A40278 /* Launch Screen.storyboard */ = {isa = PBXFileReference; fileEncoding = 4; lastKnownFileType = file.storyboard; path = "Launch Screen.storyboard"; sourceTree = "<group>"; };
		CAFC48332851F5A100A40278 /* Images.xcassets */ = {isa = PBXFileReference; lastKnownFileType = folder.assetcatalog; name = Images.xcassets; path = "MyLuaGame-mobile/Images.xcassets"; sourceTree = SOURCE_ROOT; };
		D6B061341803AC000077942B /* CoreMotion.framework */ = {isa = PBXFileReference; lastKnownFileType = wrapper.framework; name = CoreMotion.framework; path = Platforms/iPhoneOS.platform/Developer/SDKs/iPhoneOS7.0.sdk/System/Library/Frameworks/CoreMotion.framework; sourceTree = DEVELOPER_DIR; };
		DA9E7D871AB1ABCC004B27C8 /* Security.framework */ = {isa = PBXFileReference; lastKnownFileType = wrapper.framework; name = Security.framework; path = System/Library/Frameworks/Security.framework; sourceTree = SDKROOT; };
		ED545A881B68A23E00C3958E /* libiconv.dylib */ = {isa = PBXFileReference; lastKnownFileType = "compiled.mach-o.dylib"; name = libiconv.dylib; path = Platforms/iPhoneOS.platform/Developer/SDKs/iPhoneOS8.4.sdk/usr/lib/libiconv.dylib; sourceTree = DEVELOPER_DIR; };
		ED545A8A1B68A24500C3958E /* libiconv.dylib */ = {isa = PBXFileReference; lastKnownFileType = "compiled.mach-o.dylib"; name = libiconv.dylib; path = usr/lib/libiconv.dylib; sourceTree = SDKROOT; };
		F293B3C815EB7BE500256477 /* MyLuaGame-mobile.app */ = {isa = PBXFileReference; explicitFileType = wrapper.application; includeInIndex = 0; path = "MyLuaGame-mobile.app"; sourceTree = BUILT_PRODUCTS_DIR; };
		F293B3CC15EB7BE500256477 /* QuartzCore.framework */ = {isa = PBXFileReference; lastKnownFileType = wrapper.framework; name = QuartzCore.framework; path = System/Library/Frameworks/QuartzCore.framework; sourceTree = SDKROOT; };
		F293B3CE15EB7BE500256477 /* OpenGLES.framework */ = {isa = PBXFileReference; lastKnownFileType = wrapper.framework; name = OpenGLES.framework; path = System/Library/Frameworks/OpenGLES.framework; sourceTree = SDKROOT; };
		F293B3D015EB7BE500256477 /* OpenAL.framework */ = {isa = PBXFileReference; lastKnownFileType = wrapper.framework; name = OpenAL.framework; path = System/Library/Frameworks/OpenAL.framework; sourceTree = SDKROOT; };
		F293B3D215EB7BE500256477 /* AudioToolbox.framework */ = {isa = PBXFileReference; lastKnownFileType = wrapper.framework; name = AudioToolbox.framework; path = System/Library/Frameworks/AudioToolbox.framework; sourceTree = SDKROOT; };
		F293B3D415EB7BE500256477 /* AVFoundation.framework */ = {isa = PBXFileReference; lastKnownFileType = wrapper.framework; name = AVFoundation.framework; path = System/Library/Frameworks/AVFoundation.framework; sourceTree = SDKROOT; };
		F293B3D615EB7BE500256477 /* UIKit.framework */ = {isa = PBXFileReference; lastKnownFileType = wrapper.framework; name = UIKit.framework; path = System/Library/Frameworks/UIKit.framework; sourceTree = SDKROOT; };
		F293B3D815EB7BE500256477 /* Foundation.framework */ = {isa = PBXFileReference; lastKnownFileType = wrapper.framework; name = Foundation.framework; path = System/Library/Frameworks/Foundation.framework; sourceTree = SDKROOT; };
		F293B3DA15EB7BE500256477 /* CoreGraphics.framework */ = {isa = PBXFileReference; lastKnownFileType = wrapper.framework; name = CoreGraphics.framework; path = System/Library/Frameworks/CoreGraphics.framework; sourceTree = SDKROOT; };
		F293BB7E15EB831F00256477 /* AppDelegate.cpp */ = {isa = PBXFileReference; fileEncoding = 4; lastKnownFileType = sourcecode.cpp.cpp; name = AppDelegate.cpp; path = ../Classes/AppDelegate.cpp; sourceTree = "<group>"; };
		F293BB7F15EB831F00256477 /* AppDelegate.h */ = {isa = PBXFileReference; fileEncoding = 4; lastKnownFileType = sourcecode.c.h; name = AppDelegate.h; path = ../Classes/AppDelegate.h; sourceTree = "<group>"; };
/* End PBXFileReference section */

/* Begin PBXFrameworksBuildPhase section */
		5023813617EBBCE400990C9B /* Frameworks */ = {
			isa = PBXFrameworksBuildPhase;
			buildActionMask = 2147483647;
			files = (
				CAFC48472852F1CE00A40278 /* libsimulator Mac.a in Frameworks */,
				ED545A8B1B68A24500C3958E /* libiconv.dylib in Frameworks */,
				DA9E7D881AB1ABCC004B27C8 /* Security.framework in Frameworks */,
				15427CEE198F24AF00DC375D /* libcocos2d Mac.a in Frameworks */,
				15427CEC198F24A600DC375D /* libluacocos2d Mac.a in Frameworks */,
				15A8A4881834C90F00142BE0 /* libcurl.dylib in Frameworks */,
				50D7C97017EBBEEC005D0B91 /* IOKit.framework in Frameworks */,
				50D7C96E17EBBEE6005D0B91 /* AppKit.framework in Frameworks */,
				50D7C96C17EBBEDF005D0B91 /* OpenGL.framework in Frameworks */,
				5023813717EBBCE400990C9B /* libz.dylib in Frameworks */,
				5023813E17EBBCE400990C9B /* QuartzCore.framework in Frameworks */,
				5023814017EBBCE400990C9B /* OpenAL.framework in Frameworks */,
				5023814117EBBCE400990C9B /* AudioToolbox.framework in Frameworks */,
				5023814417EBBCE400990C9B /* Foundation.framework in Frameworks */,
				5023814517EBBCE400990C9B /* CoreGraphics.framework in Frameworks */,
			);
			runOnlyForDeploymentPostprocessing = 0;
		};
		F293B3C515EB7BE500256477 /* Frameworks */ = {
			isa = PBXFrameworksBuildPhase;
			buildActionMask = 2147483647;
			files = (
				9FA3AE4E1BE9BCC900FC9645 /* CFNetwork.framework in Frameworks */,
				ED545A891B68A23E00C3958E /* libiconv.dylib in Frameworks */,
				5200BECA1A53D9A500AC45E4 /* Security.framework in Frameworks */,
				AA2BCD1B28AC953200FA5150 /* PromisesObjC.xcframework in Frameworks */,
				AA2BCD1A28AC953200FA5150 /* nanopb.xcframework in Frameworks */,
				15427CD5198F222200DC375D /* libluacocos2d iOS.a in Frameworks */,
				AA2BCD2028AC953200FA5150 /* UserMessagingPlatform.xcframework in Frameworks */,
				15427CD3198F221400DC375D /* libcocos2d iOS.a in Frameworks */,
				3EEEDB61197107C0006A9FF8 /* MediaPlayer.framework in Frameworks */,
				D6B061351803AC000077942B /* CoreMotion.framework in Frameworks */,
				1AF4C403178663F200122817 /* libz.dylib in Frameworks */,
				50805AAF17EBBEAA004CFAD3 /* UIKit.framework in Frameworks */,
				5023817A17EBBE8300990C9B /* OpenGLES.framework in Frameworks */,
				AA2BCD1D28AC953200FA5150 /* GoogleMobileAds.xcframework in Frameworks */,
				AAC2FABA28AA305B00C5F0CA /* WebKit.framework in Frameworks */,
				F293B3CD15EB7BE500256477 /* QuartzCore.framework in Frameworks */,
				F293B3D115EB7BE500256477 /* OpenAL.framework in Frameworks */,
				AA2BCD1F28AC953200FA5150 /* GoogleAppMeasurementIdentitySupport.xcframework in Frameworks */,
				AA2BCD1C28AC953200FA5150 /* GoogleUtilities.xcframework in Frameworks */,
				F293B3D315EB7BE500256477 /* AudioToolbox.framework in Frameworks */,
				F293B3D515EB7BE500256477 /* AVFoundation.framework in Frameworks */,
				F293B3D915EB7BE500256477 /* Foundation.framework in Frameworks */,
				F293B3DB15EB7BE500256477 /* CoreGraphics.framework in Frameworks */,
				AAC2FAAF28AA07E400C5F0CA /* MediaPlayer.framework in Frameworks */,
				AA2BCD1E28AC953200FA5150 /* GoogleAppMeasurement.xcframework in Frameworks */,
				AAC2FAB128AA088900C5F0CA /* GameController.framework in Frameworks */,
			);
			runOnlyForDeploymentPostprocessing = 0;
		};
/* End PBXFrameworksBuildPhase section */

/* Begin PBXGroup section */
		15A8A4041834BDA200142BE0 /* Products */ = {
			isa = PBXGroup;
			children = (
				15A8A4171834BDA200142BE0 /* libcocos2d Mac.a */,
				15A8A4251834BDA200142BE0 /* libcocos2d iOS.a */,
			);
			name = Products;
			sourceTree = "<group>";
		};
		3B070DA328522A5E00700AE9 /* Products */ = {
			isa = PBXGroup;
			children = (
				3B070DA828522A5E00700AE9 /* libsimulator Mac.a */,
				3B070DAA28522A5E00700AE9 /* libsimulator iOS.a */,
			);
			name = Products;
			sourceTree = "<group>";
		};
		5023810617EBBCAC00990C9B /* ios */ = {
			isa = PBXGroup;
			children = (
				AAC2FAC128AA39A300C5F0CA /* GoogleAdMod */,
				CAFC48312851F58800A40278 /* Launch Screen.storyboard */,
				5023810717EBBCAC00990C9B /* AppController.h */,
				5023810817EBBCAC00990C9B /* AppController.mm */,
				5023811317EBBCAC00990C9B /* Info.plist */,
				5023811417EBBCAC00990C9B /* main.m */,
				5023811517EBBCAC00990C9B /* Prefix.pch */,
				5023811617EBBCAC00990C9B /* RootViewController.h */,
				5023811717EBBCAC00990C9B /* RootViewController.mm */,
			);
			path = ios;
			sourceTree = "<group>";
		};
		5023817117EBBE3400990C9B /* mac */ = {
			isa = PBXGroup;
			children = (
				9FF504811A5E87B100AFDA55 /* ConsoleWindow.xib */,
				9FF504821A5E87B100AFDA55 /* ConsoleWindowController.h */,
				9FF504831A5E87B100AFDA55 /* ConsoleWindowController.m */,
				5023817217EBBE3400990C9B /* Icon.icns */,
				9FFC07341A4A764100AED399 /* MainMenu.xib */,
				C07828F418B4D72E00BD2287 /* main.m */,
				C07828F618B4D72E00BD2287 /* SimulatorApp.h */,
				C07828F718B4D72E00BD2287 /* SimulatorApp.mm */,
				5023817317EBBE3400990C9B /* Info.plist */,
				5023817517EBBE3400990C9B /* Prefix.pch */,
			);
			path = mac;
			sourceTree = "<group>";
		};
		9FC7603E1A67791200D1E6E7 /* ide-support */ = {
			isa = PBXGroup;
			children = (
				9FFE009B1ACCF59E00D6E35A /* lua_debugger.c */,
				9FFE009C1ACCF59E00D6E35A /* lua_debugger.h */,
				9FFE009D1ACCF59E00D6E35A /* RuntimeLuaImpl.cpp */,
				9FFE009E1ACCF59E00D6E35A /* RuntimeLuaImpl.h */,
				9FC7603F1A67791200D1E6E7 /* CodeIDESupport.h */,
				9FC760401A67791200D1E6E7 /* lang */,
				9FC760411A67791200D1E6E7 /* SimpleConfigParser.cpp */,
				9FC760421A67791200D1E6E7 /* SimpleConfigParser.h */,
			);
			name = "ide-support";
			path = "../Classes/ide-support";
			sourceTree = "<group>";
		};
		AAC2FAC128AA39A300C5F0CA /* GoogleAdMod */ = {
			isa = PBXGroup;
			children = (
				AAC2FAC228AA39A300C5F0CA /* GoogleAdModSDK.h */,
				AAC2FAC328AA39D800C5F0CA /* GoogleAdModSDK.mm */,
			);
			path = GoogleAdMod;
			sourceTree = "<group>";
		};
		C03781AF18BF654500FE4F13 /* Products */ = {
			isa = PBXGroup;
			children = (
				15427CC2198F220600DC375D /* libluacocos2d Mac.a */,
				15427CD2198F220600DC375D /* libluacocos2d iOS.a */,
			);
			name = Products;
			sourceTree = "<group>";
		};
		F293B3BD15EB7BE500256477 = {
			isa = PBXGroup;
			children = (
				3B070DA228522A5E00700AE9 /* libsimulator.xcodeproj */,
				C03781AE18BF654500FE4F13 /* cocos2d_lua_bindings.xcodeproj */,
				15A8A4031834BDA200142BE0 /* cocos2d_libs.xcodeproj */,
				5023810617EBBCAC00990C9B /* ios */,
				5023817117EBBE3400990C9B /* mac */,
				F293BB7C15EB830F00256477 /* Classes */,
				F293B3CB15EB7BE500256477 /* Frameworks */,
				F293B3C915EB7BE500256477 /* Products */,
				F293BC4615EB859D00256477 /* Resources */,
			);
			sourceTree = "<group>";
		};
		F293B3C915EB7BE500256477 /* Products */ = {
			isa = PBXGroup;
			children = (
				F293B3C815EB7BE500256477 /* MyLuaGame-mobile.app */,
				5023816B17EBBCE400990C9B /* MyLuaGame-desktop.app */,
			);
			name = Products;
			sourceTree = "<group>";
		};
		F293B3CB15EB7BE500256477 /* Frameworks */ = {
			isa = PBXGroup;
			children = (
				AA2BCD1728AC953100FA5150 /* GoogleAppMeasurement.xcframework */,
				AA2BCD1828AC953200FA5150 /* GoogleAppMeasurementIdentitySupport.xcframework */,
				AA2BCD1628AC952F00FA5150 /* GoogleMobileAds.xcframework */,
				AA2BCD1528AC952B00FA5150 /* GoogleUtilities.xcframework */,
				AA2BCD1128AC952900FA5150 /* nanopb.xcframework */,
				AA2BCD1428AC952A00FA5150 /* PromisesObjC.xcframework */,
				AA2BCD1928AC953200FA5150 /* UserMessagingPlatform.xcframework */,
				AAC2FAB928AA305B00C5F0CA /* WebKit.framework */,
				AAC2FAB328AA08CA00C5F0CA /* AdServices.framework */,
				AAC2FAB228AA08CA00C5F0CA /* AdSupport.framework */,
				AAC2FAB028AA088900C5F0CA /* GameController.framework */,
				AAC2FAAE28AA07E400C5F0CA /* MediaPlayer.framework */,
				9FA3AE4D1BE9BCC900FC9645 /* CFNetwork.framework */,
				ED545A8A1B68A24500C3958E /* libiconv.dylib */,
				ED545A881B68A23E00C3958E /* libiconv.dylib */,
				DA9E7D871AB1ABCC004B27C8 /* Security.framework */,
				5200BEC91A53D9A500AC45E4 /* Security.framework */,
				3EEEDB60197107C0006A9FF8 /* MediaPlayer.framework */,
				15A8A4871834C90E00142BE0 /* libcurl.dylib */,
				D6B061341803AC000077942B /* CoreMotion.framework */,
				50D7C96F17EBBEEC005D0B91 /* IOKit.framework */,
				50D7C96D17EBBEE6005D0B91 /* AppKit.framework */,
				50D7C96B17EBBEDF005D0B91 /* OpenGL.framework */,
				50805AAE17EBBEAA004CFAD3 /* UIKit.framework */,
				5023817917EBBE8300990C9B /* OpenGLES.framework */,
				1AF4C402178663F200122817 /* libz.dylib */,
				15C1568D1683131500D239F2 /* libcurl.a */,
				F293B3CC15EB7BE500256477 /* QuartzCore.framework */,
				F293B3CE15EB7BE500256477 /* OpenGLES.framework */,
				F293B3D015EB7BE500256477 /* OpenAL.framework */,
				F293B3D215EB7BE500256477 /* AudioToolbox.framework */,
				F293B3D415EB7BE500256477 /* AVFoundation.framework */,
				F293B3D615EB7BE500256477 /* UIKit.framework */,
				F293B3D815EB7BE500256477 /* Foundation.framework */,
				F293B3DA15EB7BE500256477 /* CoreGraphics.framework */,
			);
			name = Frameworks;
			sourceTree = "<group>";
		};
		F293BB7C15EB830F00256477 /* Classes */ = {
			isa = PBXGroup;
			children = (
				9FC7603E1A67791200D1E6E7 /* ide-support */,
				15427CE2198F237300DC375D /* lua_module_register.h */,
				F293BB7E15EB831F00256477 /* AppDelegate.cpp */,
				F293BB7F15EB831F00256477 /* AppDelegate.h */,
			);
			name = Classes;
			sourceTree = "<group>";
		};
		F293BC4615EB859D00256477 /* Resources */ = {
			isa = PBXGroup;
			children = (
				CAFC48332851F5A100A40278 /* Images.xcassets */,
				C05D1C111923449100B808A4 /* config.json */,
				C03781B718BF655400FE4F13 /* res */,
				C03781B818BF655400FE4F13 /* src */,
			);
			name = Resources;
			path = ../Resources;
			sourceTree = "<group>";
		};
/* End PBXGroup section */

/* Begin PBXNativeTarget section */
		5023812617EBBCE400990C9B /* MyLuaGame-desktop */ = {
			isa = PBXNativeTarget;
			buildConfigurationList = 5023816817EBBCE400990C9B /* Build configuration list for PBXNativeTarget "MyLuaGame-desktop" */;
			buildPhases = (
				0E9750DD28B1F40665B32105 /* [CP] Check Pods Manifest.lock */,
				5023813117EBBCE400990C9B /* Sources */,
				5023813617EBBCE400990C9B /* Frameworks */,
				5023814617EBBCE400990C9B /* Resources */,
			);
			buildRules = (
			);
			dependencies = (
				9FF505C11A5F0F0900AFDA55 /* PBXTargetDependency */,
				152A34B9199CE758004B68DC /* PBXTargetDependency */,
				C0A2F04118975FF80072A7AB /* PBXTargetDependency */,
			);
			name = "MyLuaGame-desktop";
			productName = MyLuaGame;
			productReference = 5023816B17EBBCE400990C9B /* MyLuaGame-desktop.app */;
			productType = "com.apple.product-type.application";
		};
		F293B3C715EB7BE500256477 /* MyLuaGame-mobile */ = {
			isa = PBXNativeTarget;
			buildConfigurationList = F293B6C415EB7BEA00256477 /* Build configuration list for PBXNativeTarget "MyLuaGame-mobile" */;
			buildPhases = (
				F293B3C415EB7BE500256477 /* Sources */,
				F293B3C515EB7BE500256477 /* Frameworks */,
				F293B3C615EB7BE500256477 /* Resources */,
				3EC988201966433500A45E0E /* ShellScript */,
			);
			buildRules = (
			);
			dependencies = (
				152A349F199CE72E004B68DC /* PBXTargetDependency */,
				15D1F3091994BBCA00302043 /* PBXTargetDependency */,
			);
			name = "MyLuaGame-mobile";
			productName = MyLuaGame;
			productReference = F293B3C815EB7BE500256477 /* MyLuaGame-mobile.app */;
			productType = "com.apple.product-type.application";
		};
/* End PBXNativeTarget section */

/* Begin PBXProject section */
		F293B3BF15EB7BE500256477 /* Project object */ = {
			isa = PBXProject;
			attributes = {
				LastUpgradeCheck = 0500;
				TargetAttributes = {
					F293B3C715EB7BE500256477 = {
						DevelopmentTeam = T6J89W9G8T;
					};
				};
			};
			buildConfigurationList = F293B3C215EB7BE500256477 /* Build configuration list for PBXProject "project" */;
			compatibilityVersion = "Xcode 3.2";
			developmentRegion = English;
			hasScannedForEncodings = 0;
			knownRegions = (
				English,
				en,
				Base,
				"zh-Hans",
			);
			mainGroup = F293B3BD15EB7BE500256477;
			productRefGroup = F293B3C915EB7BE500256477 /* Products */;
			projectDirPath = "";
			projectReferences = (
				{
					ProductGroup = 15A8A4041834BDA200142BE0 /* Products */;
					ProjectRef = 15A8A4031834BDA200142BE0 /* cocos2d_libs.xcodeproj */;
				},
				{
					ProductGroup = C03781AF18BF654500FE4F13 /* Products */;
					ProjectRef = C03781AE18BF654500FE4F13 /* cocos2d_lua_bindings.xcodeproj */;
				},
				{
					ProductGroup = 3B070DA328522A5E00700AE9 /* Products */;
					ProjectRef = 3B070DA228522A5E00700AE9 /* libsimulator.xcodeproj */;
				},
			);
			projectRoot = "";
			targets = (
				F293B3C715EB7BE500256477 /* MyLuaGame-mobile */,
				5023812617EBBCE400990C9B /* MyLuaGame-desktop */,
			);
		};
/* End PBXProject section */

/* Begin PBXReferenceProxy section */
		15427CC2198F220600DC375D /* libluacocos2d Mac.a */ = {
			isa = PBXReferenceProxy;
			fileType = archive.ar;
			path = "libluacocos2d Mac.a";
			remoteRef = 15427CC1198F220600DC375D /* PBXContainerItemProxy */;
			sourceTree = BUILT_PRODUCTS_DIR;
		};
		15427CD2198F220600DC375D /* libluacocos2d iOS.a */ = {
			isa = PBXReferenceProxy;
			fileType = archive.ar;
			path = "libluacocos2d iOS.a";
			remoteRef = 15427CD1198F220600DC375D /* PBXContainerItemProxy */;
			sourceTree = BUILT_PRODUCTS_DIR;
		};
		15A8A4171834BDA200142BE0 /* libcocos2d Mac.a */ = {
			isa = PBXReferenceProxy;
			fileType = archive.ar;
			path = "libcocos2d Mac.a";
			remoteRef = 15A8A4161834BDA200142BE0 /* PBXContainerItemProxy */;
			sourceTree = BUILT_PRODUCTS_DIR;
		};
		15A8A4251834BDA200142BE0 /* libcocos2d iOS.a */ = {
			isa = PBXReferenceProxy;
			fileType = archive.ar;
			path = "libcocos2d iOS.a";
			remoteRef = 15A8A4241834BDA200142BE0 /* PBXContainerItemProxy */;
			sourceTree = BUILT_PRODUCTS_DIR;
		};
		3B070DA828522A5E00700AE9 /* libsimulator Mac.a */ = {
			isa = PBXReferenceProxy;
			fileType = archive.ar;
			path = "libsimulator Mac.a";
			remoteRef = 3B070DA728522A5E00700AE9 /* PBXContainerItemProxy */;
			sourceTree = BUILT_PRODUCTS_DIR;
		};
		3B070DAA28522A5E00700AE9 /* libsimulator iOS.a */ = {
			isa = PBXReferenceProxy;
			fileType = archive.ar;
			path = "libsimulator iOS.a";
			remoteRef = 3B070DA928522A5E00700AE9 /* PBXContainerItemProxy */;
			sourceTree = BUILT_PRODUCTS_DIR;
		};
/* End PBXReferenceProxy section */

/* Begin PBXResourcesBuildPhase section */
		5023814617EBBCE400990C9B /* Resources */ = {
			isa = PBXResourcesBuildPhase;
			buildActionMask = 2147483647;
			files = (
				C03781BA18BF655400FE4F13 /* res in Resources */,
				C03781BC18BF655400FE4F13 /* src in Resources */,
				9FF504841A5E87B100AFDA55 /* ConsoleWindow.xib in Resources */,
				9FC760431A67791200D1E6E7 /* lang in Resources */,
				5023817617EBBE3400990C9B /* Icon.icns in Resources */,
				9FFC07361A4A764100AED399 /* MainMenu.xib in Resources */,
				C05D1C131923449100B808A4 /* config.json in Resources */,
			);
			runOnlyForDeploymentPostprocessing = 0;
		};
		F293B3C615EB7BE500256477 /* Resources */ = {
			isa = PBXResourcesBuildPhase;
			buildActionMask = 2147483647;
			files = (
				CAFC48322851F58800A40278 /* Launch Screen.storyboard in Resources */,
				C03781B918BF655400FE4F13 /* res in Resources */,
				CAFC48342851F5A100A40278 /* Images.xcassets in Resources */,
				C03781BB18BF655400FE4F13 /* src in Resources */,
				C05D1C121923449100B808A4 /* config.json in Resources */,
			);
			runOnlyForDeploymentPostprocessing = 0;
		};
/* End PBXResourcesBuildPhase section */

/* Begin PBXShellScriptBuildPhase section */
		0E9750DD28B1F40665B32105 /* [CP] Check Pods Manifest.lock */ = {
			isa = PBXShellScriptBuildPhase;
			buildActionMask = 2147483647;
			files = (
			);
			inputFileListPaths = (
			);
			inputPaths = (
				"${PODS_PODFILE_DIR_PATH}/Podfile.lock",
				"${PODS_ROOT}/Manifest.lock",
			);
			name = "[CP] Check Pods Manifest.lock";
			outputFileListPaths = (
			);
			outputPaths = (
				"$(DERIVED_FILE_DIR)/Pods-MyLuaGame-desktop-checkManifestLockResult.txt",
			);
			runOnlyForDeploymentPostprocessing = 0;
			shellPath = /bin/sh;
			shellScript = "diff \"${PODS_PODFILE_DIR_PATH}/Podfile.lock\" \"${PODS_ROOT}/Manifest.lock\" > /dev/null\nif [ $? != 0 ] ; then\n    # print error to STDERR\n    echo \"error: The sandbox is not in sync with the Podfile.lock. Run 'pod install' or update your CocoaPods installation.\" >&2\n    exit 1\nfi\n# This output is used by Xcode 'outputs' to avoid re-running this script phase.\necho \"SUCCESS\" > \"${SCRIPT_OUTPUT_FILE_0}\"\n";
			showEnvVarsInLog = 0;
		};
		3EC988201966433500A45E0E /* ShellScript */ = {
			isa = PBXShellScriptBuildPhase;
			buildActionMask = 2147483647;
			files = (
			);
			inputPaths = (
			);
			outputPaths = (
			);
			runOnlyForDeploymentPostprocessing = 0;
			shellPath = /bin/sh;
			shellScript = "find ${SRCROOT}/../../../src/ -name \"*\" -exec touch -cm {} \\;\nfind ${SRCROOT}/../../../res/ -name \"*\" -exec touch -cm {} \\;";
		};
/* End PBXShellScriptBuildPhase section */

/* Begin PBXSourcesBuildPhase section */
		5023813117EBBCE400990C9B /* Sources */ = {
			isa = PBXSourcesBuildPhase;
			buildActionMask = 2147483647;
			files = (
				C07828FA18B4D72E00BD2287 /* SimulatorApp.mm in Sources */,
				9FFE00A01ACCF59E00D6E35A /* lua_debugger.c in Sources */,
				5023813317EBBCE400990C9B /* AppDelegate.cpp in Sources */,
				9FF504851A5E87B100AFDA55 /* ConsoleWindowController.m in Sources */,
				C07828F818B4D72E00BD2287 /* main.m in Sources */,
				9FFE00A21ACCF59E00D6E35A /* RuntimeLuaImpl.cpp in Sources */,
			);
			runOnlyForDeploymentPostprocessing = 0;
		};
		F293B3C415EB7BE500256477 /* Sources */ = {
			isa = PBXSourcesBuildPhase;
			buildActionMask = 2147483647;
			files = (
				9FC760451A677A4A00D1E6E7 /* SimpleConfigParser.cpp in Sources */,
				5023812517EBBCAC00990C9B /* RootViewController.mm in Sources */,
				F293BB9C15EB831F00256477 /* AppDelegate.cpp in Sources */,
				9FFE009F1ACCF59E00D6E35A /* lua_debugger.c in Sources */,
				5023812417EBBCAC00990C9B /* main.m in Sources */,
				9FFE00A11ACCF59E00D6E35A /* RuntimeLuaImpl.cpp in Sources */,
				5023811817EBBCAC00990C9B /* AppController.mm in Sources */,
				AAC2FAC428AA39D800C5F0CA /* GoogleAdModSDK.mm in Sources */,
			);
			runOnlyForDeploymentPostprocessing = 0;
		};
/* End PBXSourcesBuildPhase section */

/* Begin PBXTargetDependency section */
		152A349F199CE72E004B68DC /* PBXTargetDependency */ = {
			isa = PBXTargetDependency;
			name = "libluacocos2d iOS";
			targetProxy = 152A349E199CE72E004B68DC /* PBXContainerItemProxy */;
		};
		152A34B9199CE758004B68DC /* PBXTargetDependency */ = {
			isa = PBXTargetDependency;
			name = "libluacocos2d Mac";
			targetProxy = 152A34B8199CE758004B68DC /* PBXContainerItemProxy */;
		};
		15D1F3091994BBCA00302043 /* PBXTargetDependency */ = {
			isa = PBXTargetDependency;
			name = "libcocos2d iOS";
			targetProxy = 15D1F3081994BBCA00302043 /* PBXContainerItemProxy */;
		};
		9FF505C11A5F0F0900AFDA55 /* PBXTargetDependency */ = {
			isa = PBXTargetDependency;
			name = libsimulator;
		};
		C0A2F04118975FF80072A7AB /* PBXTargetDependency */ = {
			isa = PBXTargetDependency;
			name = "cocos2dx Mac";
			targetProxy = C0A2F04018975FF80072A7AB /* PBXContainerItemProxy */;
		};
/* End PBXTargetDependency section */

/* Begin PBXVariantGroup section */
		9FFC07341A4A764100AED399 /* MainMenu.xib */ = {
			isa = PBXVariantGroup;
			children = (
				9FFC07351A4A764100AED399 /* Base */,
				9FFC07371A4A765100AED399 /* zh-Hans */,
			);
			name = MainMenu.xib;
			sourceTree = "<group>";
		};
/* End PBXVariantGroup section */

/* Begin XCBuildConfiguration section */
		5023816917EBBCE400990C9B /* Debug */ = {
			isa = XCBuildConfiguration;
			buildSettings = {
				ALWAYS_SEARCH_USER_PATHS = YES;
				ARCHS = "$(ARCHS_STANDARD_64_BIT)";
				COMBINE_HIDPI_IMAGES = YES;
				CONFIGURATION_BUILD_DIR = ../../../runtime/mac;
				GCC_DYNAMIC_NO_PIC = NO;
				GCC_PRECOMPILE_PREFIX_HEADER = YES;
				GCC_PREFIX_HEADER = mac/Prefix.pch;
				GCC_PREPROCESSOR_DEFINITIONS = (
					GLFW_EXPOSE_NATIVE_COCOA,
					GLFW_EXPOSE_NATIVE_NSGL,
					CC_TARGET_OS_MAC,
					"$(inherited)",
				);
				HEADER_SEARCH_PATHS = (
					"$(SRCROOT)/../Classes/protobuf-lite",
					"$(SRCROOT)/../Classes",
					"$(SRCROOT)/../../cocos2d-x/tools/simulator/libsimulator/lib",
				);
				INFOPLIST_FILE = mac/Info.plist;
				LIBRARY_SEARCH_PATHS = "";
				MACOSX_DEPLOYMENT_TARGET = 10.8;
				OTHER_LDFLAGS = (
					"-image_base",
					100000000,
					"-pagezero_size",
					10000,
					"$(_COCOS_LIB_MAC_BEGIN)",
					"$(_COCOS_LIB_MAC_END)",
				);
				SDKROOT = macosx;
				USER_HEADER_SEARCH_PATHS = (
					"$(inherited)",
					"$(SRCROOT)/../../cocos2d-x/cocos/platform/mac",
					"$(SRCROOT)/../../cocos2d-x/external/glfw3/include/mac",
					"$(_COCOS_HEADER_MAC_BEGIN)",
					"$(_COCOS_HEADER_MAC_END)",
				);
			};
			name = Debug;
		};
		5023816A17EBBCE400990C9B /* Release */ = {
			isa = XCBuildConfiguration;
			buildSettings = {
				ALWAYS_SEARCH_USER_PATHS = YES;
				ARCHS = "$(ARCHS_STANDARD_64_BIT)";
				COMBINE_HIDPI_IMAGES = YES;
				GCC_PRECOMPILE_PREFIX_HEADER = YES;
				GCC_PREFIX_HEADER = mac/Prefix.pch;
				GCC_PREPROCESSOR_DEFINITIONS = (
					GLFW_EXPOSE_NATIVE_COCOA,
					GLFW_EXPOSE_NATIVE_NSGL,
					CC_TARGET_OS_MAC,
					"$(inherited)",
				);
				HEADER_SEARCH_PATHS = (
					"$(SRCROOT)/../Classes/protobuf-lite",
					"$(SRCROOT)/../Classes",
					"$(SRCROOT)/../../cocos2d-x/tools/simulator/libsimulator/lib",
				);
				INFOPLIST_FILE = mac/Info.plist;
				LIBRARY_SEARCH_PATHS = "";
				MACOSX_DEPLOYMENT_TARGET = 10.8;
				OTHER_LDFLAGS = (
					"-image_base",
					100000000,
					"-pagezero_size",
					10000,
					"$(_COCOS_LIB_MAC_BEGIN)",
					"$(_COCOS_LIB_MAC_END)",
				);
				SDKROOT = macosx;
				USER_HEADER_SEARCH_PATHS = (
					"$(inherited)",
					"$(SRCROOT)/../../cocos2d-x/cocos/platform/mac",
					"$(SRCROOT)/../../cocos2d-x/external/glfw3/include/mac",
					"$(_COCOS_HEADER_MAC_BEGIN)",
					"$(_COCOS_HEADER_MAC_END)",
				);
			};
			name = Release;
		};
		F293B6C215EB7BEA00256477 /* Debug */ = {
			isa = XCBuildConfiguration;
			buildSettings = {
				CLANG_CXX_LANGUAGE_STANDARD = "c++0x";
				CLANG_CXX_LIBRARY = "libc++";
				COPY_PHASE_STRIP = NO;
				GCC_C_LANGUAGE_STANDARD = c99;
				GCC_OPTIMIZATION_LEVEL = 0;
				GCC_PREPROCESSOR_DEFINITIONS = (
					DEBUG,
					"COCOS2D_DEBUG=1",
					USE_FILE32API,
					"CC_LUA_ENGINE_ENABLED=1",
					"CC_ENABLE_CHIPMUNK_INTEGRATION=1",
					GLFW_EXPOSE_NATIVE_COCOA,
				);
				GCC_SYMBOLS_PRIVATE_EXTERN = NO;
				GCC_WARN_ABOUT_RETURN_TYPE = YES;
				GCC_WARN_UNUSED_VARIABLE = YES;
				HEADER_SEARCH_PATHS = "";
				IPHONEOS_DEPLOYMENT_TARGET = 6.0;
				ONLY_ACTIVE_ARCH = YES;
				PRODUCT_NAME = "$(TARGET_NAME)";
				USER_HEADER_SEARCH_PATHS = (
					"$(SRCROOT)/../../cocos2d-x",
					"$(SRCROOT)/../../cocos2d-x/cocos",
					"$(SRCROOT)/../../cocos2d-x/cocos/base",
					"$(SRCROOT)/../../cocos2d-x/cocos/physics",
					"$(SRCROOT)/../../cocos2d-x/cocos/math/kazmath",
					"$(SRCROOT)/../../cocos2d-x/cocos/2d",
					"$(SRCROOT)/../../cocos2d-x/cocos/ui",
					"$(SRCROOT)/../../cocos2d-x/cocos/network",
					"$(SRCROOT)/../../cocos2d-x/cocos/audio/include",
					"$(SRCROOT)/../../cocos2d-x/cocos/editor-support",
					"$(SRCROOT)/../../cocos2d-x/extensions",
					"$(SRCROOT)/../../cocos2d-x/external",
					"$(SRCROOT)/../../cocos2d-x/external/chipmunk/include/chipmunk",
					"$(SRCROOT)/../../cocos2d-x/external/lua/luajit/include",
					"$(SRCROOT)/../../cocos2d-x/external/lua/tolua",
					"$(SRCROOT)/../../cocos2d-x/cocos/scripting/lua-bindings/manual",
					"$(SRCROOT)/../../cocos2d-x/cocos/scripting/lua-bindings/auto",
					"$(SRCROOT)/../../cocos2d-x/tools/simulator/libsimulator/lib",
					"$(SRCROOT)/../../cocos2d-x/tools/simulator/libsimulator/lib/protobuf-lite",
				);
			};
			name = Debug;
		};
		F293B6C315EB7BEA00256477 /* Release */ = {
			isa = XCBuildConfiguration;
			buildSettings = {
				CLANG_CXX_LANGUAGE_STANDARD = "c++0x";
				CLANG_CXX_LIBRARY = "libc++";
				GCC_C_LANGUAGE_STANDARD = c99;
				GCC_PREPROCESSOR_DEFINITIONS = (
					NDEBUG,
					USE_FILE32API,
					"CC_LUA_ENGINE_ENABLED=1",
					"CC_ENABLE_CHIPMUNK_INTEGRATION=1",
				);
				GCC_WARN_ABOUT_RETURN_TYPE = YES;
				GCC_WARN_UNUSED_VARIABLE = YES;
				HEADER_SEARCH_PATHS = "";
				IPHONEOS_DEPLOYMENT_TARGET = 6.0;
				OTHER_CFLAGS = "-DNS_BLOCK_ASSERTIONS=1";
				PRODUCT_NAME = "$(TARGET_NAME)";
				USER_HEADER_SEARCH_PATHS = (
					"$(SRCROOT)/../../cocos2d-x",
					"$(SRCROOT)/../../cocos2d-x/cocos",
					"$(SRCROOT)/../../cocos2d-x/cocos/base",
					"$(SRCROOT)/../../cocos2d-x/cocos/physics",
					"$(SRCROOT)/../../cocos2d-x/cocos/math/kazmath",
					"$(SRCROOT)/../../cocos2d-x/cocos/2d",
					"$(SRCROOT)/../../cocos2d-x/cocos/ui",
					"$(SRCROOT)/../../cocos2d-x/cocos/network",
					"$(SRCROOT)/../../cocos2d-x/cocos/audio/include",
					"$(SRCROOT)/../../cocos2d-x/cocos/editor-support",
					"$(SRCROOT)/../../cocos2d-x/extensions",
					"$(SRCROOT)/../../cocos2d-x/external",
					"$(SRCROOT)/../../cocos2d-x/external/chipmunk/include/chipmunk",
					"$(SRCROOT)/../../cocos2d-x/external/lua/luajit/include",
					"$(SRCROOT)/../../cocos2d-x/external/lua/tolua",
					"$(SRCROOT)/../../cocos2d-x/cocos/scripting/lua-bindings/manual",
					"$(SRCROOT)/../../cocos2d-x/cocos/scripting/lua-bindings/auto",
					"$(SRCROOT)/../../cocos2d-x/tools/simulator/libsimulator/lib",
					"$(SRCROOT)/../../cocos2d-x/tools/simulator/libsimulator/lib/protobuf-lite",
				);
				VALIDATE_PRODUCT = YES;
			};
			name = Release;
		};
		F293B6C515EB7BEA00256477 /* Debug */ = {
			isa = XCBuildConfiguration;
			buildSettings = {
				ALWAYS_SEARCH_USER_PATHS = YES;
				ASSETCATALOG_COMPILER_APPICON_NAME = AppIcon;
				CLANG_ENABLE_OBJC_WEAK = YES;
				CODE_SIGN_IDENTITY = "iPhone Developer";
				COMPRESS_PNG_FILES = NO;
				DEVELOPMENT_TEAM = T6J89W9G8T;
				ENABLE_BITCODE = NO;
				GCC_DYNAMIC_NO_PIC = NO;
				GCC_PRECOMPILE_PREFIX_HEADER = YES;
				GCC_PREFIX_HEADER = ios/Prefix.pch;
				GCC_PREPROCESSOR_DEFINITIONS = (
					CC_TARGET_OS_IPHONE,
					"$(inherited)",
				);
				HEADER_SEARCH_PATHS = (
					"$(SRCROOT)/../Classes/protobuf-lite",
					"$(SRCROOT)/../Classes",
					"$(SRCROOT)/../../cocos2d-x/tools/simulator/libsimulator/lib",
				);
				INFOPLIST_FILE = ios/Info.plist;
				IPHONEOS_DEPLOYMENT_TARGET = 9.0;
				LIBRARY_SEARCH_PATHS = "";
				OTHER_LDFLAGS = "$(inherited)";
				"OTHER_LDFLAGS[sdk=iphonesimulator*][arch=x86_64]" = (
					"$(_COCOS_LIB_IOS_BEGIN)",
					"$(_COCOS_LIB_IOS_END)",
					"-pagezero_size",
					10000,
					"-image_base",
					100000000,
				);
				PRODUCT_BUNDLE_IDENTIFIER = com.cocosx.Luaoo;
				SDKROOT = iphoneos;
				TARGETED_DEVICE_FAMILY = "1,2";
				USER_HEADER_SEARCH_PATHS = (
					"$(inherited)",
					"$(SRCROOT)/../../cocos2d-x/cocos/platform/ios",
					"$(_COCOS_HEADER_IOS_BEGIN)",
					"$(_COCOS_HEADER_IOS_END)",
				);
				VALID_ARCHS = "arm64 armv7";
			};
			name = Debug;
		};
		F293B6C615EB7BEA00256477 /* Release */ = {
			isa = XCBuildConfiguration;
			buildSettings = {
				ALWAYS_SEARCH_USER_PATHS = YES;
				ASSETCATALOG_COMPILER_APPICON_NAME = AppIcon;
				CLANG_ENABLE_OBJC_WEAK = YES;
				CODE_SIGN_IDENTITY = "iPhone Developer";
				COMPRESS_PNG_FILES = NO;
				DEVELOPMENT_TEAM = T6J89W9G8T;
				ENABLE_BITCODE = NO;
				GCC_PRECOMPILE_PREFIX_HEADER = YES;
				GCC_PREFIX_HEADER = ios/Prefix.pch;
				GCC_PREPROCESSOR_DEFINITIONS = (
					CC_TARGET_OS_IPHONE,
					"$(inherited)",
				);
				HEADER_SEARCH_PATHS = (
					"$(SRCROOT)/../Classes/protobuf-lite",
					"$(SRCROOT)/../Classes",
					"$(SRCROOT)/../../cocos2d-x/tools/simulator/libsimulator/lib",
				);
				INFOPLIST_FILE = ios/Info.plist;
				IPHONEOS_DEPLOYMENT_TARGET = 9.0;
				LIBRARY_SEARCH_PATHS = "";
				OTHER_LDFLAGS = "$(inherited)";
				"OTHER_LDFLAGS[sdk=iphonesimulator*][arch=x86_64]" = (
					"$(_COCOS_LIB_IOS_BEGIN)",
					"$(_COCOS_LIB_IOS_END)",
					"-pagezero_size",
					10000,
					"-image_base",
					100000000,
				);
				PRODUCT_BUNDLE_IDENTIFIER = com.cocosx.Luaoo;
				SDKROOT = iphoneos;
				TARGETED_DEVICE_FAMILY = "1,2";
				USER_HEADER_SEARCH_PATHS = (
					"$(inherited)",
					"$(SRCROOT)/../../cocos2d-x/cocos/platform/ios",
					"$(_COCOS_HEADER_IOS_BEGIN)",
					"$(_COCOS_HEADER_IOS_END)",
				);
				VALID_ARCHS = "arm64 armv7";
			};
			name = Release;
		};
/* End XCBuildConfiguration section */

/* Begin XCConfigurationList section */
		5023816817EBBCE400990C9B /* Build configuration list for PBXNativeTarget "MyLuaGame-desktop" */ = {
			isa = XCConfigurationList;
			buildConfigurations = (
				5023816917EBBCE400990C9B /* Debug */,
				5023816A17EBBCE400990C9B /* Release */,
			);
			defaultConfigurationIsVisible = 0;
			defaultConfigurationName = Release;
		};
		F293B3C215EB7BE500256477 /* Build configuration list for PBXProject "project" */ = {
			isa = XCConfigurationList;
			buildConfigurations = (
				F293B6C215EB7BEA00256477 /* Debug */,
				F293B6C315EB7BEA00256477 /* Release */,
			);
			defaultConfigurationIsVisible = 0;
			defaultConfigurationName = Release;
		};
		F293B6C415EB7BEA00256477 /* Build configuration list for PBXNativeTarget "MyLuaGame-mobile" */ = {
			isa = XCConfigurationList;
			buildConfigurations = (
				F293B6C515EB7BEA00256477 /* Debug */,
				F293B6C615EB7BEA00256477 /* Release */,
			);
			defaultConfigurationIsVisible = 0;
			defaultConfigurationName = Release;
		};
/* End XCConfigurationList section */
	};
	rootObject = F293B3BF15EB7BE500256477 /* Project object */;
}
